
Microsoft Visual Studio Solution File, Format Version 12.00
# Visual Studio Version 16
VisualStudioVersion = 16.0.29806.167
MinimumVisualStudioVersion = 10.0.40219.1
Project("{FAE04EC0-301F-11D3-BF4B-00C04F79EFBC}") = "WebAppSchool", "WebAppSchool\WebAppSchool.csproj", "{266B7929-8588-4BAD-9585-27B2CB670813}"
EndProject
Global
	GlobalSection(SolutionConfigurationPlatforms) = preSolution
		Debug|Any CPU = Debug|Any CPU
		Release|Any CPU = Release|Any CPU
	EndGlobalSection
	GlobalSection(ProjectConfigurationPlatforms) = postSolution
		{266B7929-8588-4BAD-9585-27B2CB670813}.Debug|Any CPU.ActiveCfg = Debug|Any CPU
		{266B7929-8588-4BAD-9585-27B2CB670813}.Debug|Any CPU.Build.0 = Debug|Any CPU
		{266B7929-8588-4BAD-9585-27B2CB670813}.Release|Any CPU.ActiveCfg = Release|Any CPU
		{266B7929-8588-4BAD-9585-27B2CB670813}.Release|Any CPU.Build.0 = Release|Any CPU
	EndGlobalSection
	GlobalSection(SolutionProperties) = preSolution
		HideSolutionNode = FALSE
	EndGlobalSection
	GlobalSection(ExtensibilityGlobals) = postSolution
		SolutionGuid = {E8B7E97D-36A4-4E11-A803-327F0291AED5}
	EndGlobalSection
EndGlobal
